
Microsoft Visual Studio Solution File, Format Version 12.00
# Visual Studio 15
VisualStudioVersion = 15.0.28010.2036
MinimumVisualStudioVersion = 10.0.40219.1
Project("{FAE04EC0-301F-11D3-BF4B-00C04F79EFBC}") = "mvc_table_demo", "mvc_table_demo\mvc_table_demo.csproj", "{262ECE3D-6278-4908-A8F4-966A3164923A}"
EndProject
Global
	GlobalSection(SolutionConfigurationPlatforms) = preSolution
		Debug|Any CPU = Debug|Any CPU
		Release|Any CPU = Release|Any CPU
	EndGlobalSection
	GlobalSection(ProjectConfigurationPlatforms) = postSolution
		{262ECE3D-6278-4908-A8F4-966A3164923A}.Debug|Any CPU.ActiveCfg = Debug|Any CPU
		{262ECE3D-6278-4908-A8F4-966A3164923A}.Debug|Any CPU.Build.0 = Debug|Any CPU
		{262ECE3D-6278-4908-A8F4-966A3164923A}.Release|Any CPU.ActiveCfg = Release|Any CPU
		{262ECE3D-6278-4908-A8F4-966A3164923A}.Release|Any CPU.Build.0 = Release|Any CPU
	EndGlobalSection
	GlobalSection(SolutionProperties) = preSolution
		HideSolutionNode = FALSE
	EndGlobalSection
	GlobalSection(ExtensibilityGlobals) = postSolution
		SolutionGuid = {73681BBD-1918-4247-8BE0-C06F4907B320}
	EndGlobalSection
EndGlobal
